# This file is automatically @generated by Cargo.
# It is not intended for manual editing.
[[package]]
name = "fst"
version = "0.4.1"
source = "registry+https://github.com/rust-lang/crates.io-index"
checksum = "4eaf9ea41cc964d742f7fc7861db75d2d6e83a3ce0d897d5c6f8b621f015ddc8"
dependencies = [
 "utf8-ranges",
]

[[package]]
name = "utf8-ranges"
version = "1.0.4"
source = "registry+https://github.com/rust-lang/crates.io-index"
checksum = "b4ae116fef2b7fea257ed6440d3cfcff7f190865f170cdad00bb6465bf18ecba"

[[package]]
name = "verify"
version = "0.1.0"
dependencies = [
 "fst",
]
